
Microsoft Visual Studio Solution File, Format Version 12.00
# Visual Studio Version 17
VisualStudioVersion = 17.13.35931.197 d17.13
MinimumVisualStudioVersion = 10.0.40219.1
Project("{FAE04EC0-301F-11D3-BF4B-00C04F79EFBC}") = "Course-Project", "Course-Project\Course-Project.csproj", "{9EDFB800-EFC8-427F-A4DB-28307EF242EA}"
EndProject
Global
	GlobalSection(SolutionConfigurationPlatforms) = preSolution
		Debug|Any CPU = Debug|Any CPU
		Release|Any CPU = Release|Any CPU
	EndGlobalSection
	GlobalSection(ProjectConfigurationPlatforms) = postSolution
		{9EDFB800-EFC8-427F-A4DB-28307EF242EA}.Debug|Any CPU.ActiveCfg = Debug|Any CPU
		{9EDFB800-EFC8-427F-A4DB-28307EF242EA}.Debug|Any CPU.Build.0 = Debug|Any CPU
		{9EDFB800-EFC8-427F-A4DB-28307EF242EA}.Release|Any CPU.ActiveCfg = Release|Any CPU
		{9EDFB800-EFC8-427F-A4DB-28307EF242EA}.Release|Any CPU.Build.0 = Release|Any CPU
	EndGlobalSection
	GlobalSection(SolutionProperties) = preSolution
		HideSolutionNode = FALSE
	EndGlobalSection
	GlobalSection(ExtensibilityGlobals) = postSolution
		SolutionGuid = {60B46E8B-2EB2-410A-A0FD-E29ACCA2716B}
	EndGlobalSection
EndGlobal
